// !$*UTF8*$!
{
	archiveVersion = 1;
	classes = {
	};
	objectVersion = 46;
	objects = {

/* Begin PBXBuildFile section */
		053B356B1CC5302300420A25 /* AppDelegate.swift in Sources */ = {isa = PBXBuildFile; fileRef = 053B356A1CC5302300420A25 /* AppDelegate.swift */; };
		053B35721CC5302300420A25 /* Assets.xcassets in Resources */ = {isa = PBXBuildFile; fileRef = 053B35711CC5302300420A25 /* Assets.xcassets */; };
		053B35801CC53DD400420A25 /* MTGViewController.swift in Sources */ = {isa = PBXBuildFile; fileRef = 053B357F1CC53DD400420A25 /* MTGViewController.swift */; };
		053B35821CC54C3A00420A25 /* MTGQuizViewController.swift in Sources */ = {isa = PBXBuildFile; fileRef = 053B35811CC54C3A00420A25 /* MTGQuizViewController.swift */; };
		053B35841CC5586700420A25 /* MTGModel.swift in Sources */ = {isa = PBXBuildFile; fileRef = 053B35831CC5586700420A25 /* MTGModel.swift */; };
		E870587C8BBBF352FFC87542 /* Pods_MovieTriviaGame.framework in Frameworks */ = {isa = PBXBuildFile; fileRef = 9AC423EA8895A895534962F4 /* Pods_MovieTriviaGame.framework */; };
/* End PBXBuildFile section */

/* Begin PBXFileReference section */
		053B35671CC5302300420A25 /* MovieTriviaGame.app */ = {isa = PBXFileReference; explicitFileType = wrapper.application; includeInIndex = 0; path = MovieTriviaGame.app; sourceTree = BUILT_PRODUCTS_DIR; };
		053B356A1CC5302300420A25 /* AppDelegate.swift */ = {isa = PBXFileReference; lastKnownFileType = sourcecode.swift; path = AppDelegate.swift; sourceTree = "<group>"; };
		053B35711CC5302300420A25 /* Assets.xcassets */ = {isa = PBXFileReference; lastKnownFileType = folder.assetcatalog; path = Assets.xcassets; sourceTree = "<group>"; };
		053B35761CC5302300420A25 /* Info.plist */ = {isa = PBXFileReference; lastKnownFileType = text.plist.xml; path = Info.plist; sourceTree = "<group>"; };
		053B357F1CC53DD400420A25 /* MTGViewController.swift */ = {isa = PBXFileReference; fileEncoding = 4; lastKnownFileType = sourcecode.swift; name = MTGViewController.swift; path = ../ViewControllers/MTGViewController.swift; sourceTree = "<group>"; };
		053B35811CC54C3A00420A25 /* MTGQuizViewController.swift */ = {isa = PBXFileReference; fileEncoding = 4; lastKnownFileType = sourcecode.swift; path = MTGQuizViewController.swift; sourceTree = "<group>"; };
		053B35831CC5586700420A25 /* MTGModel.swift */ = {isa = PBXFileReference; fileEncoding = 4; lastKnownFileType = sourcecode.swift; path = MTGModel.swift; sourceTree = "<group>"; };
		8575F6D488B0913273FCCDEA /* Pods-MovieTriviaGame.release.xcconfig */ = {isa = PBXFileReference; includeInIndex = 1; lastKnownFileType = text.xcconfig; name = "Pods-MovieTriviaGame.release.xcconfig"; path = "Pods/Target Support Files/Pods-MovieTriviaGame/Pods-MovieTriviaGame.release.xcconfig"; sourceTree = "<group>"; };
		9AC423EA8895A895534962F4 /* Pods_MovieTriviaGame.framework */ = {isa = PBXFileReference; explicitFileType = wrapper.framework; includeInIndex = 0; path = Pods_MovieTriviaGame.framework; sourceTree = BUILT_PRODUCTS_DIR; };
		FD60E46AACB5477FA23B1AD4 /* Pods-MovieTriviaGame.debug.xcconfig */ = {isa = PBXFileReference; includeInIndex = 1; lastKnownFileType = text.xcconfig; name = "Pods-MovieTriviaGame.debug.xcconfig"; path = "Pods/Target Support Files/Pods-MovieTriviaGame/Pods-MovieTriviaGame.debug.xcconfig"; sourceTree = "<group>"; };
/* End PBXFileReference section */

/* Begin PBXFrameworksBuildPhase section */
		053B35641CC5302300420A25 /* Frameworks */ = {
			isa = PBXFrameworksBuildPhase;
			buildActionMask = 2147483647;
			files = (
				E870587C8BBBF352FFC87542 /* Pods_MovieTriviaGame.framework in Frameworks */,
			);
			runOnlyForDeploymentPostprocessing = 0;
		};
/* End PBXFrameworksBuildPhase section */

/* Begin PBXGroup section */
		053B355E1CC5302300420A25 = {
			isa = PBXGroup;
			children = (
				053B35691CC5302300420A25 /* MovieTriviaGame */,
				053B35681CC5302300420A25 /* Products */,
				93A23FFAA42EDCB233A3F9E1 /* Pods */,
				B939D13438A0168013CDA536 /* Frameworks */,
			);
			sourceTree = "<group>";
		};
		053B35681CC5302300420A25 /* Products */ = {
			isa = PBXGroup;
			children = (
				053B35671CC5302300420A25 /* MovieTriviaGame.app */,
			);
			name = Products;
			sourceTree = "<group>";
		};
		053B35691CC5302300420A25 /* MovieTriviaGame */ = {
			isa = PBXGroup;
			children = (
				053B357E1CC53DB600420A25 /* models */,
				053B357D1CC53DA800420A25 /* BaseClasses */,
				053B357C1CC53D9D00420A25 /* ViewControllers */,
				053B356A1CC5302300420A25 /* AppDelegate.swift */,
				053B35711CC5302300420A25 /* Assets.xcassets */,
				053B35761CC5302300420A25 /* Info.plist */,
			);
			path = MovieTriviaGame;
			sourceTree = "<group>";
		};
		053B357C1CC53D9D00420A25 /* ViewControllers */ = {
			isa = PBXGroup;
			children = (
				053B35811CC54C3A00420A25 /* MTGQuizViewController.swift */,
			);
			path = ViewControllers;
			sourceTree = "<group>";
		};
		053B357D1CC53DA800420A25 /* BaseClasses */ = {
			isa = PBXGroup;
			children = (
				053B357F1CC53DD400420A25 /* MTGViewController.swift */,
			);
			path = BaseClasses;
			sourceTree = "<group>";
		};
		053B357E1CC53DB600420A25 /* models */ = {
			isa = PBXGroup;
			children = (
				053B35831CC5586700420A25 /* MTGModel.swift */,
			);
			path = models;
			sourceTree = "<group>";
		};
		93A23FFAA42EDCB233A3F9E1 /* Pods */ = {
			isa = PBXGroup;
			children = (
				FD60E46AACB5477FA23B1AD4 /* Pods-MovieTriviaGame.debug.xcconfig */,
				8575F6D488B0913273FCCDEA /* Pods-MovieTriviaGame.release.xcconfig */,
			);
			name = Pods;
			sourceTree = "<group>";
		};
		B939D13438A0168013CDA536 /* Frameworks */ = {
			isa = PBXGroup;
			children = (
				9AC423EA8895A895534962F4 /* Pods_MovieTriviaGame.framework */,
			);
			name = Frameworks;
			sourceTree = "<group>";
		};
/* End PBXGroup section */

/* Begin PBXNativeTarget section */
		053B35661CC5302300420A25 /* MovieTriviaGame */ = {
			isa = PBXNativeTarget;
			buildConfigurationList = 053B35791CC5302300420A25 /* Build configuration list for PBXNativeTarget "MovieTriviaGame" */;
			buildPhases = (
				D31F7D729893AA827551657C /* Check Pods Manifest.lock */,
				053B35631CC5302300420A25 /* Sources */,
				053B35641CC5302300420A25 /* Frameworks */,
				053B35651CC5302300420A25 /* Resources */,
				BE7E88559260E33CBA2C4695 /* Embed Pods Frameworks */,
				8A6C06C3AC8D3C25640B089A /* Copy Pods Resources */,
			);
			buildRules = (
			);
			dependencies = (
			);
			name = MovieTriviaGame;
			productName = MovieTriviaGame;
			productReference = 053B35671CC5302300420A25 /* MovieTriviaGame.app */;
			productType = "com.apple.product-type.application";
		};
/* End PBXNativeTarget section */

/* Begin PBXProject section */
		053B355F1CC5302300420A25 /* Project object */ = {
			isa = PBXProject;
			attributes = {
				LastSwiftUpdateCheck = 0730;
				LastUpgradeCheck = 0730;
				ORGANIZATIONNAME = JDRichardsTech;
				TargetAttributes = {
					053B35661CC5302300420A25 = {
						CreatedOnToolsVersion = 7.3;
						DevelopmentTeam = 6Y4CNVHBWW;
					};
				};
			};
			buildConfigurationList = 053B35621CC5302300420A25 /* Build configuration list for PBXProject "MovieTriviaGame" */;
			compatibilityVersion = "Xcode 3.2";
			developmentRegion = English;
			hasScannedForEncodings = 0;
			knownRegions = (
				en,
				Base,
			);
			mainGroup = 053B355E1CC5302300420A25;
			productRefGroup = 053B35681CC5302300420A25 /* Products */;
			projectDirPath = "";
			projectRoot = "";
			targets = (
				053B35661CC5302300420A25 /* MovieTriviaGame */,
			);
		};
/* End PBXProject section */

/* Begin PBXResourcesBuildPhase section */
		053B35651CC5302300420A25 /* Resources */ = {
			isa = PBXResourcesBuildPhase;
			buildActionMask = 2147483647;
			files = (
				053B35721CC5302300420A25 /* Assets.xcassets in Resources */,
			);
			runOnlyForDeploymentPostprocessing = 0;
		};
/* End PBXResourcesBuildPhase section */

/* Begin PBXShellScriptBuildPhase section */
		8A6C06C3AC8D3C25640B089A /* Copy Pods Resources */ = {
			isa = PBXShellScriptBuildPhase;
			buildActionMask = 2147483647;
			files = (
			);
			inputPaths = (
			);
			name = "Copy Pods Resources";
			outputPaths = (
			);
			runOnlyForDeploymentPostprocessing = 0;
			shellPath = /bin/sh;
			shellScript = "\"${SRCROOT}/Pods/Target Support Files/Pods-MovieTriviaGame/Pods-MovieTriviaGame-resources.sh\"\n";
			showEnvVarsInLog = 0;
		};
		BE7E88559260E33CBA2C4695 /* Embed Pods Frameworks */ = {
			isa = PBXShellScriptBuildPhase;
			buildActionMask = 2147483647;
			files = (
			);
			inputPaths = (
			);
			name = "Embed Pods Frameworks";
			outputPaths = (
			);
			runOnlyForDeploymentPostprocessing = 0;
			shellPath = /bin/sh;
			shellScript = "\"${SRCROOT}/Pods/Target Support Files/Pods-MovieTriviaGame/Pods-MovieTriviaGame-frameworks.sh\"\n";
			showEnvVarsInLog = 0;
		};
		D31F7D729893AA827551657C /* Check Pods Manifest.lock */ = {
			isa = PBXShellScriptBuildPhase;
			buildActionMask = 2147483647;
			files = (
			);
			inputPaths = (
			);
			name = "Check Pods Manifest.lock";
			outputPaths = (
			);
			runOnlyForDeploymentPostprocessing = 0;
			shellPath = /bin/sh;
			shellScript = "diff \"${PODS_ROOT}/../Podfile.lock\" \"${PODS_ROOT}/Manifest.lock\" > /dev/null\nif [[ $? != 0 ]] ; then\n    cat << EOM\nerror: The sandbox is not in sync with the Podfile.lock. Run 'pod install' or update your CocoaPods installation.\nEOM\n    exit 1\nfi\n";
			showEnvVarsInLog = 0;
		};
/* End PBXShellScriptBuildPhase section */

/* Begin PBXSourcesBuildPhase section */
		053B35631CC5302300420A25 /* Sources */ = {
			isa = PBXSourcesBuildPhase;
			buildActionMask = 2147483647;
			files = (
				053B35801CC53DD400420A25 /* MTGViewController.swift in Sources */,
				053B35821CC54C3A00420A25 /* MTGQuizViewController.swift in Sources */,
				053B35841CC5586700420A25 /* MTGModel.swift in Sources */,
				053B356B1CC5302300420A25 /* AppDelegate.swift in Sources */,
			);
			runOnlyForDeploymentPostprocessing = 0;
		};
/* End PBXSourcesBuildPhase section */

/* Begin XCBuildConfiguration section */
		053B35771CC5302300420A25 /* Debug */ = {
			isa = XCBuildConfiguration;
			buildSettings = {
				ALWAYS_SEARCH_USER_PATHS = NO;
				CLANG_ANALYZER_NONNULL = YES;
				CLANG_CXX_LANGUAGE_STANDARD = "gnu++0x";
				CLANG_CXX_LIBRARY = "libc++";
				CLANG_ENABLE_MODULES = YES;
				CLANG_ENABLE_OBJC_ARC = YES;
				CLANG_WARN_BOOL_CONVERSION = YES;
				CLANG_WARN_CONSTANT_CONVERSION = YES;
				CLANG_WARN_DIRECT_OBJC_ISA_USAGE = YES_ERROR;
				CLANG_WARN_EMPTY_BODY = YES;
				CLANG_WARN_ENUM_CONVERSION = YES;
				CLANG_WARN_INT_CONVERSION = YES;
				CLANG_WARN_OBJC_ROOT_CLASS = YES_ERROR;
				CLANG_WARN_UNREACHABLE_CODE = YES;
				CLANG_WARN__DUPLICATE_METHOD_MATCH = YES;
				"CODE_SIGN_IDENTITY[sdk=iphoneos*]" = "iPhone Developer";
				COPY_PHASE_STRIP = NO;
				DEBUG_INFORMATION_FORMAT = dwarf;
				ENABLE_STRICT_OBJC_MSGSEND = YES;
				ENABLE_TESTABILITY = YES;
				GCC_C_LANGUAGE_STANDARD = gnu99;
				GCC_DYNAMIC_NO_PIC = NO;
				GCC_NO_COMMON_BLOCKS = YES;
				GCC_OPTIMIZATION_LEVEL = 0;
				GCC_PREPROCESSOR_DEFINITIONS = (
					"DEBUG=1",
					"$(inherited)",
				);
				GCC_WARN_64_TO_32_BIT_CONVERSION = YES;
				GCC_WARN_ABOUT_RETURN_TYPE = YES_ERROR;
				GCC_WARN_UNDECLARED_SELECTOR = YES;
				GCC_WARN_UNINITIALIZED_AUTOS = YES_AGGRESSIVE;
				GCC_WARN_UNUSED_FUNCTION = YES;
				GCC_WARN_UNUSED_VARIABLE = YES;
				IPHONEOS_DEPLOYMENT_TARGET = 9.3;
				MTL_ENABLE_DEBUG_INFO = YES;
				ONLY_ACTIVE_ARCH = YES;
				SDKROOT = iphoneos;
				SWIFT_OPTIMIZATION_LEVEL = "-Onone";
			};
			name = Debug;
		};
		053B35781CC5302300420A25 /* Release */ = {
			isa = XCBuildConfiguration;
			buildSettings = {
				ALWAYS_SEARCH_USER_PATHS = NO;
				CLANG_ANALYZER_NONNULL = YES;
				CLANG_CXX_LANGUAGE_STANDARD = "gnu++0x";
				CLANG_CXX_LIBRARY = "libc++";
				CLANG_ENABLE_MODULES = YES;
				CLANG_ENABLE_OBJC_ARC = YES;
				CLANG_WARN_BOOL_CONVERSION = YES;
				CLANG_WARN_CONSTANT_CONVERSION = YES;
				CLANG_WARN_DIRECT_OBJC_ISA_USAGE = YES_ERROR;
				CLANG_WARN_EMPTY_BODY = YES;
				CLANG_WARN_ENUM_CONVERSION = YES;
				CLANG_WARN_INT_CONVERSION = YES;
				CLANG_WARN_OBJC_ROOT_CLASS = YES_ERROR;
				CLANG_WARN_UNREACHABLE_CODE = YES;
				CLANG_WARN__DUPLICATE_METHOD_MATCH = YES;
				"CODE_SIGN_IDENTITY[sdk=iphoneos*]" = "iPhone Developer";
				COPY_PHASE_STRIP = NO;
				DEBUG_INFORMATION_FORMAT = "dwarf-with-dsym";
				ENABLE_NS_ASSERTIONS = NO;
				ENABLE_STRICT_OBJC_MSGSEND = YES;
				GCC_C_LANGUAGE_STANDARD = gnu99;
				GCC_NO_COMMON_BLOCKS = YES;
				GCC_WARN_64_TO_32_BIT_CONVERSION = YES;
				GCC_WARN_ABOUT_RETURN_TYPE = YES_ERROR;
				GCC_WARN_UNDECLARED_SELECTOR = YES;
				GCC_WARN_UNINITIALIZED_AUTOS = YES_AGGRESSIVE;
				GCC_WARN_UNUSED_FUNCTION = YES;
				GCC_WARN_UNUSED_VARIABLE = YES;
				IPHONEOS_DEPLOYMENT_TARGET = 9.3;
				MTL_ENABLE_DEBUG_INFO = NO;
				SDKROOT = iphoneos;
				VALIDATE_PRODUCT = YES;
			};
			name = Release;
		};
		053B357A1CC5302300420A25 /* Debug */ = {
			isa = XCBuildConfiguration;
			baseConfigurationReference = FD60E46AACB5477FA23B1AD4 /* Pods-MovieTriviaGame.debug.xcconfig */;
			buildSettings = {
				ASSETCATALOG_COMPILER_APPICON_NAME = AppIcon;
				INFOPLIST_FILE = MovieTriviaGame/Info.plist;
				LD_RUNPATH_SEARCH_PATHS = "$(inherited) @executable_path/Frameworks";
				PRODUCT_BUNDLE_IDENTIFIER = com.JDRichardsTech.MovieTriviaGame;
				PRODUCT_NAME = "$(TARGET_NAME)";
			};
			name = Debug;
		};
		053B357B1CC5302300420A25 /* Release */ = {
			isa = XCBuildConfiguration;
			baseConfigurationReference = 8575F6D488B0913273FCCDEA /* Pods-MovieTriviaGame.release.xcconfig */;
			buildSettings = {
				ASSETCATALOG_COMPILER_APPICON_NAME = AppIcon;
				INFOPLIST_FILE = MovieTriviaGame/Info.plist;
				LD_RUNPATH_SEARCH_PATHS = "$(inherited) @executable_path/Frameworks";
				PRODUCT_BUNDLE_IDENTIFIER = com.JDRichardsTech.MovieTriviaGame;
				PRODUCT_NAME = "$(TARGET_NAME)";
			};
			name = Release;
		};
/* End XCBuildConfiguration section */

/* Begin XCConfigurationList section */
		053B35621CC5302300420A25 /* Build configuration list for PBXProject "MovieTriviaGame" */ = {
			isa = XCConfigurationList;
			buildConfigurations = (
				053B35771CC5302300420A25 /* Debug */,
				053B35781CC5302300420A25 /* Release */,
			);
			defaultConfigurationIsVisible = 0;
			defaultConfigurationName = Release;
		};
		053B35791CC5302300420A25 /* Build configuration list for PBXNativeTarget "MovieTriviaGame" */ = {
			isa = XCConfigurationList;
			buildConfigurations = (
				053B357A1CC5302300420A25 /* Debug */,
				053B357B1CC5302300420A25 /* Release */,
			);
			defaultConfigurationIsVisible = 0;
			defaultConfigurationName = Release;
		};
/* End XCConfigurationList section */
	};
	rootObject = 053B355F1CC5302300420A25 /* Project object */;
}
